
Microsoft Visual Studio Solution File, Format Version 12.00
# Visual Studio 14
VisualStudioVersion = 14.0.25123.0
MinimumVisualStudioVersion = 10.0.40219.1
Project("{F2A71F9B-5D33-465A-A702-920D77279786}") = "Brainfuck.Net.CodeGeneration.Tests", "Brainfuck.Net.CodeGeneration.Tests\Brainfuck.Net.CodeGeneration.Tests.fsproj", "{D966A3C8-1F8A-4045-A79E-95017D9B5EE1}"
EndProject
Project("{F2A71F9B-5D33-465A-A702-920D77279786}") = "Brainfuck.Net.Interpreter.Core", "Brainfuck.Net.Interpreter.Core\Brainfuck.Net.Interpreter.Core.fsproj", "{EF042204-65A0-453A-B534-2C74ACC9618E}"
EndProject
Project("{F2A71F9B-5D33-465A-A702-920D77279786}") = "Brainfuck.Net.Interpreter.App", "Brainfuck.Net.Interpreter.App\Brainfuck.Net.Interpreter.App.fsproj", "{D1C1E381-B9D9-4C88-A52C-FEBCC4AE07F2}"
EndProject
Global
	GlobalSection(SolutionConfigurationPlatforms) = preSolution
		Debug|Any CPU = Debug|Any CPU
		Release|Any CPU = Release|Any CPU
	EndGlobalSection
	GlobalSection(ProjectConfigurationPlatforms) = postSolution
		{D966A3C8-1F8A-4045-A79E-95017D9B5EE1}.Debug|Any CPU.ActiveCfg = Debug|Any CPU
		{D966A3C8-1F8A-4045-A79E-95017D9B5EE1}.Debug|Any CPU.Build.0 = Debug|Any CPU
		{D966A3C8-1F8A-4045-A79E-95017D9B5EE1}.Release|Any CPU.ActiveCfg = Release|Any CPU
		{D966A3C8-1F8A-4045-A79E-95017D9B5EE1}.Release|Any CPU.Build.0 = Release|Any CPU
		{EF042204-65A0-453A-B534-2C74ACC9618E}.Debug|Any CPU.ActiveCfg = Debug|Any CPU
		{EF042204-65A0-453A-B534-2C74ACC9618E}.Debug|Any CPU.Build.0 = Debug|Any CPU
		{EF042204-65A0-453A-B534-2C74ACC9618E}.Release|Any CPU.ActiveCfg = Release|Any CPU
		{EF042204-65A0-453A-B534-2C74ACC9618E}.Release|Any CPU.Build.0 = Release|Any CPU
		{D1C1E381-B9D9-4C88-A52C-FEBCC4AE07F2}.Debug|Any CPU.ActiveCfg = Debug|Any CPU
		{D1C1E381-B9D9-4C88-A52C-FEBCC4AE07F2}.Debug|Any CPU.Build.0 = Debug|Any CPU
		{D1C1E381-B9D9-4C88-A52C-FEBCC4AE07F2}.Release|Any CPU.ActiveCfg = Release|Any CPU
		{D1C1E381-B9D9-4C88-A52C-FEBCC4AE07F2}.Release|Any CPU.Build.0 = Release|Any CPU
	EndGlobalSection
	GlobalSection(SolutionProperties) = preSolution
		HideSolutionNode = FALSE
	EndGlobalSection
EndGlobal
